
Microsoft Visual Studio Solution File, Format Version 12.00
# Visual Studio Version 17
VisualStudioVersion = 17.0.31903.59
MinimumVisualStudioVersion = 10.0.40219.1
Project("{2150E333-8FDC-42A3-9474-1A3956D46DE8}") = "nunit-multi", "nunit-multi", "{5540B3AD-6A19-4E43-B3CE-F5B7EDC1D0AE}"
EndProject
Project("{2150E333-8FDC-42A3-9474-1A3956D46DE8}") = "src", "src", "{BCAD4D86-8284-46C3-AECA-755D9E7291F0}"
EndProject
Project("{FAE04EC0-301F-11D3-BF4B-00C04F79EFBC}") = "Tests", "nunit-multi\src\Tests\Tests.csproj", "{A46DE11E-5BBE-4F6A-AB53-091FF8D3DAEF}"
EndProject
Global
	GlobalSection(SolutionConfigurationPlatforms) = preSolution
		Debug|Any CPU = Debug|Any CPU
		Release|Any CPU = Release|Any CPU
	EndGlobalSection
	GlobalSection(SolutionProperties) = preSolution
		HideSolutionNode = FALSE
	EndGlobalSection
	GlobalSection(ProjectConfigurationPlatforms) = postSolution
		{A46DE11E-5BBE-4F6A-AB53-091FF8D3DAEF}.Debug|Any CPU.ActiveCfg = Debug|Any CPU
		{A46DE11E-5BBE-4F6A-AB53-091FF8D3DAEF}.Debug|Any CPU.Build.0 = Debug|Any CPU
		{A46DE11E-5BBE-4F6A-AB53-091FF8D3DAEF}.Release|Any CPU.ActiveCfg = Release|Any CPU
		{A46DE11E-5BBE-4F6A-AB53-091FF8D3DAEF}.Release|Any CPU.Build.0 = Release|Any CPU
	EndGlobalSection
	GlobalSection(NestedProjects) = preSolution
		{BCAD4D86-8284-46C3-AECA-755D9E7291F0} = {5540B3AD-6A19-4E43-B3CE-F5B7EDC1D0AE}
		{A46DE11E-5BBE-4F6A-AB53-091FF8D3DAEF} = {BCAD4D86-8284-46C3-AECA-755D9E7291F0}
	EndGlobalSection
EndGlobal
